
Microsoft Visual Studio Solution File, Format Version 12.00
# Visual Studio Version 16
VisualStudioVersion = 16.0.29123.88
MinimumVisualStudioVersion = 10.0.40219.1
Project("{FAE04EC0-301F-11D3-BF4B-00C04F79EFBC}") = "Musoq.DataSources.FlatFile", "Musoq.DataSources.FlatFile\Musoq.DataSources.FlatFile.csproj", "{14EB1D8D-2C48-4555-B118-B1BC7CFE679F}"
EndProject
Project("{FAE04EC0-301F-11D3-BF4B-00C04F79EFBC}") = "Musoq.DataSources.FlatFile.Tests", "Musoq.DataSources.FlatFile.Tests\Musoq.DataSources.FlatFile.Tests.csproj", "{7576C50D-42B0-46CE-9A09-E9F5139F01EF}"
EndProject
Project("{FAE04EC0-301F-11D3-BF4B-00C04F79EFBC}") = "Musoq.DataSources.Json", "Musoq.DataSources.Json\Musoq.DataSources.Json.csproj", "{66E4686E-ED4B-4F49-87C7-1D8631AAAA37}"
EndProject
Project("{FAE04EC0-301F-11D3-BF4B-00C04F79EFBC}") = "Musoq.DataSources.Json.Tests", "Musoq.DataSources.Json.Tests\Musoq.DataSources.Json.Tests.csproj", "{F3C35AC6-62EC-4F2D-AF06-F3FD2DCD974B}"
EndProject
Project("{FAE04EC0-301F-11D3-BF4B-00C04F79EFBC}") = "Musoq.DataSources.Os", "Musoq.DataSources.Os\Musoq.DataSources.Os.csproj", "{7608272D-F1DC-4917-886E-CF12B804F99A}"
EndProject
Project("{FAE04EC0-301F-11D3-BF4B-00C04F79EFBC}") = "Musoq.DataSources.Os.Tests", "Musoq.DataSources.Os.Tests\Musoq.DataSources.Os.Tests.csproj", "{C7EAB1D6-8FF4-4FE2-A1B0-A921A85933F5}"
EndProject
Project("{FAE04EC0-301F-11D3-BF4B-00C04F79EFBC}") = "Musoq.DataSources.SeparatedValues", "Musoq.DataSources.SeparatedValues\Musoq.DataSources.SeparatedValues.csproj", "{31E7928B-B197-4BC3-B11F-65A132A31D54}"
EndProject
Project("{FAE04EC0-301F-11D3-BF4B-00C04F79EFBC}") = "Musoq.DataSources.SeparatedValues.Tests", "Musoq.DataSources.SeparatedValues.Tests\Musoq.DataSources.SeparatedValues.Tests.csproj", "{C3E52D76-DC70-4B60-8559-0AE65A834B9A}"
EndProject
Project("{FAE04EC0-301F-11D3-BF4B-00C04F79EFBC}") = "Musoq.DataSources.System", "Musoq.DataSources.System\Musoq.DataSources.System.csproj", "{8FB31478-6DF8-46F0-BCB8-042FB430A43E}"
EndProject
Project("{FAE04EC0-301F-11D3-BF4B-00C04F79EFBC}") = "Musoq.DataSources.System.Tests", "Musoq.DataSources.System.Tests\Musoq.DataSources.System.Tests.csproj", "{90EA195C-5619-4C51-8032-42E6EABF13C4}"
EndProject
Project("{FAE04EC0-301F-11D3-BF4B-00C04F79EFBC}") = "Musoq.DataSources.Time", "Musoq.DataSources.Time\Musoq.DataSources.Time.csproj", "{2E9BC0F2-DA7C-47D3-97AB-D277931E852A}"
EndProject
Project("{FAE04EC0-301F-11D3-BF4B-00C04F79EFBC}") = "Musoq.DataSources.Time.Tests", "Musoq.DataSources.Time.Tests\Musoq.DataSources.Time.Tests.csproj", "{571A13BD-70DA-425C-B97F-BD133BA96B83}"
EndProject
Project("{FAE04EC0-301F-11D3-BF4B-00C04F79EFBC}") = "Musoq.DataSources.Tests.Common", "Musoq.DataSources.Tests.Common\Musoq.DataSources.Tests.Common.csproj", "{9B5CA21D-9C1B-4909-B056-5070D0354E52}"
EndProject
Project("{FAE04EC0-301F-11D3-BF4B-00C04F79EFBC}") = "Musoq.DataSources.OpenAI", "Musoq.DataSources.OpenAI\Musoq.DataSources.OpenAI.csproj", "{F28B83D9-821C-43AA-96D3-CE4D90FFFFFE}"
EndProject
Project("{FAE04EC0-301F-11D3-BF4B-00C04F79EFBC}") = "Musoq.DataSources.OpenAI.Tests", "Musoq.DataSources.OpenAI.Tests\Musoq.DataSources.OpenAI.Tests.csproj", "{87A2A671-3530-41ED-8FC3-4A6F134CE9AA}"
EndProject
Project("{FAE04EC0-301F-11D3-BF4B-00C04F79EFBC}") = "Musoq.DataSources.Sqlite", "Musoq.DataSources.Sqlite\Musoq.DataSources.Sqlite.csproj", "{F5A97391-0878-4713-9F21-956ED8ADAD43}"
EndProject
Project("{FAE04EC0-301F-11D3-BF4B-00C04F79EFBC}") = "Musoq.DataSources.Sqlite.Tests", "Musoq.DataSources.Sqlite.Tests\Musoq.DataSources.Sqlite.Tests.csproj", "{7E47EC89-33C8-4FDD-B0C3-B15E52977CCC}"
EndProject
Project("{FAE04EC0-301F-11D3-BF4B-00C04F79EFBC}") = "Musoq.DataSources.Databases", "Musoq.DataSources.Databases\Musoq.DataSources.Databases.csproj", "{05D47060-68AC-4D8B-98F4-DB880C4080ED}"
EndProject
Project("{FAE04EC0-301F-11D3-BF4B-00C04F79EFBC}") = "Musoq.DataSources.Postgres", "Musoq.DataSources.Postgres\Musoq.DataSources.Postgres.csproj", "{24B5ABA3-547E-4880-9344-270B1B804EDB}"
EndProject
Project("{FAE04EC0-301F-11D3-BF4B-00C04F79EFBC}") = "Musoq.DataSources.Postgres.Tests", "Musoq.DataSources.Postgres.Tests\Musoq.DataSources.Postgres.Tests.csproj", "{798D6A37-3FB8-40D5-92F6-8D4468FCDE23}"
EndProject
Project("{FAE04EC0-301F-11D3-BF4B-00C04F79EFBC}") = "Musoq.DataSources.Archives", "Musoq.DataSources.Archives\Musoq.DataSources.Archives.csproj", "{EE42D7B1-1563-4D42-BD4B-A1400030717F}"
EndProject
Project("{FAE04EC0-301F-11D3-BF4B-00C04F79EFBC}") = "Musoq.DataSources.Archives.Tests", "Musoq.DataSources.Archives.Tests\Musoq.DataSources.Archives.Tests.csproj", "{A0A2E97D-7E48-40EF-A36B-A9DEACD936AB}"
EndProject
Project("{FAE04EC0-301F-11D3-BF4B-00C04F79EFBC}") = "Musoq.DataSources.Airtable", "Musoq.DataSources.Airtable\Musoq.DataSources.Airtable.csproj", "{402F6F54-CB9A-4DB5-A0BC-1FCB75AF1644}"
EndProject
Project("{FAE04EC0-301F-11D3-BF4B-00C04F79EFBC}") = "Musoq.DataSources.Airtable.Tests", "Musoq.DataSources.Airtable.Tests\Musoq.DataSources.Airtable.Tests.csproj", "{8E1E7FE4-504E-4A8B-BE14-D5E1151725E2}"
EndProject
Project("{FAE04EC0-301F-11D3-BF4B-00C04F79EFBC}") = "Musoq.DataSources.Docker", "Musoq.DataSources.Docker\Musoq.DataSources.Docker.csproj", "{CFEC7021-3763-4E86-BE92-81D7965FE64C}"
EndProject
Project("{FAE04EC0-301F-11D3-BF4B-00C04F79EFBC}") = "Musoq.DataSources.Docker.Tests", "Musoq.DataSources.Docker.Tests\Musoq.DataSources.Docker.Tests.csproj", "{E3337635-A8F4-4A32-B190-BDD127A970A7}"
EndProject
Project("{FAE04EC0-301F-11D3-BF4B-00C04F79EFBC}") = "Musoq.DataSources.Kubernetes", "Musoq.DataSources.Kubernetes\Musoq.DataSources.Kubernetes.csproj", "{107198FE-DB3A-4B7A-822B-4FDE5449A77F}"
EndProject
Project("{FAE04EC0-301F-11D3-BF4B-00C04F79EFBC}") = "Musoq.DataSources.Kubernetes.Tests", "Musoq.DataSources.Kubernetes.Tests\Musoq.DataSources.Kubernetes.Tests.csproj", "{52628127-6D8C-4E5C-A1B5-DF615A2DA6FC}"
EndProject
Project("{2150E333-8FDC-42A3-9474-1A3956D46DE8}") = "Tools", "Tools", "{CA31A795-31E9-4A8C-BAA3-8DAAD7C924E5}"
EndProject
Project("{FAE04EC0-301F-11D3-BF4B-00C04F79EFBC}") = "Musoq.DataSources.AsyncRowsSource", "Musoq.DataSources.AsyncRowsSource\Musoq.DataSources.AsyncRowsSource.csproj", "{EC7396B9-DDB2-4446-8D01-00FC97C8B5F4}"
EndProject
Project("{FAE04EC0-301F-11D3-BF4B-00C04F79EFBC}") = "Musoq.DataSources.JsonHelpers", "Musoq.DataSources.JsonHelpers\Musoq.DataSources.JsonHelpers.csproj", "{16F4BF6D-69CC-4BA5-A106-3DAEFA5F3902}"
EndProject
Project("{FAE04EC0-301F-11D3-BF4B-00C04F79EFBC}") = "Musoq.DataSources.CANBus", "Musoq.DataSources.CANBus\Musoq.DataSources.CANBus.csproj", "{1F431000-4BC8-48F5-9131-0E418F9E4A1B}"
EndProject
Project("{FAE04EC0-301F-11D3-BF4B-00C04F79EFBC}") = "Musoq.DataSources.CANBus.Tests", "Musoq.DataSources.CANBus.Tests\Musoq.DataSources.CANBus.Tests.csproj", "{7A21538C-D06F-4FB1-BDE3-A75420AF5032}"
EndProject
Project("{FAE04EC0-301F-11D3-BF4B-00C04F79EFBC}") = "Musoq.DataSources.Ollama", "Musoq.DataSources.Ollama\Musoq.DataSources.Ollama.csproj", "{C62FD763-47C9-4295-9213-95BF1EB0F13E}"
EndProject
Project("{FAE04EC0-301F-11D3-BF4B-00C04F79EFBC}") = "Musoq.DataSources.Ollama.Tests", "Musoq.DataSources.Ollama.Tests\Musoq.DataSources.Ollama.Tests.csproj", "{CE55410F-3528-4EDF-A945-473A04FCB984}"
EndProject
Project("{FAE04EC0-301F-11D3-BF4B-00C04F79EFBC}") = "Musoq.DataSources.LLMHelpers", "Musoq.DataSources.LLMHelpers\Musoq.DataSources.LLMHelpers.csproj", "{830C6A98-D4C3-4316-922B-1709A369CEFA}"
EndProject
Project("{FAE04EC0-301F-11D3-BF4B-00C04F79EFBC}") = "Musoq.DataSources.Roslyn", "Musoq.DataSources.Roslyn\Musoq.DataSources.Roslyn.csproj", "{8B58AACE-D3D3-418E-916B-2CC044FA2D71}"
EndProject
Project("{FAE04EC0-301F-11D3-BF4B-00C04F79EFBC}") = "Musoq.DataSources.Roslyn.Tests", "Musoq.DataSources.Roslyn.Tests\Musoq.DataSources.Roslyn.Tests.csproj", "{F89F908A-C9D3-4AF2-A8AC-1D242E632424}"
EndProject
Project("{FAE04EC0-301F-11D3-BF4B-00C04F79EFBC}") = "Musoq.DataSources.Roslyn.CommandLineArguments", "Musoq.DataSources.Roslyn.CommandLineArguments\Musoq.DataSources.Roslyn.CommandLineArguments.csproj", "{743F6025-EA01-4E59-B803-8C97486E4EFF}"
EndProject
Project("{FAE04EC0-301F-11D3-BF4B-00C04F79EFBC}") = "Musoq.DataSources.Git", "Musoq.DataSources.Git\Musoq.DataSources.Git.csproj", "{1FAA674F-A8DD-4DBC-B35B-CCF3B6C48FE3}"
EndProject
Project("{FAE04EC0-301F-11D3-BF4B-00C04F79EFBC}") = "Musoq.DataSources.Git.Tests", "Musoq.DataSources.Git.Tests\Musoq.DataSources.Git.Tests.csproj", "{92D40511-3913-4FE8-8C5A-0914BCCDB5CC}"
EndProject
Project("{FAE04EC0-301F-11D3-BF4B-00C04F79EFBC}") = "Musoq.DataSources.OsAndGitTests", "Musoq.DataSources.OsAndGitTests\Musoq.DataSources.OsAndGitTests.csproj", "{3E9882DD-C8AF-43C4-A60E-5746E9A02432}"
EndProject
Global
	GlobalSection(SolutionConfigurationPlatforms) = preSolution
		Debug|Any CPU = Debug|Any CPU
		Debug|x64 = Debug|x64
		Release|Any CPU = Release|Any CPU
		Release|x64 = Release|x64
	EndGlobalSection
	GlobalSection(ProjectConfigurationPlatforms) = postSolution
		{14EB1D8D-2C48-4555-B118-B1BC7CFE679F}.Debug|Any CPU.ActiveCfg = Debug|Any CPU
		{14EB1D8D-2C48-4555-B118-B1BC7CFE679F}.Debug|Any CPU.Build.0 = Debug|Any CPU
		{14EB1D8D-2C48-4555-B118-B1BC7CFE679F}.Debug|x64.ActiveCfg = Debug|x64
		{14EB1D8D-2C48-4555-B118-B1BC7CFE679F}.Debug|x64.Build.0 = Debug|x64
		{14EB1D8D-2C48-4555-B118-B1BC7CFE679F}.Release|Any CPU.ActiveCfg = Release|Any CPU
		{14EB1D8D-2C48-4555-B118-B1BC7CFE679F}.Release|Any CPU.Build.0 = Release|Any CPU
		{14EB1D8D-2C48-4555-B118-B1BC7CFE679F}.Release|x64.ActiveCfg = Release|x64
		{14EB1D8D-2C48-4555-B118-B1BC7CFE679F}.Release|x64.Build.0 = Release|x64
		{7576C50D-42B0-46CE-9A09-E9F5139F01EF}.Debug|Any CPU.ActiveCfg = Debug|Any CPU
		{7576C50D-42B0-46CE-9A09-E9F5139F01EF}.Debug|Any CPU.Build.0 = Debug|Any CPU
		{7576C50D-42B0-46CE-9A09-E9F5139F01EF}.Debug|x64.ActiveCfg = Debug|Any CPU
		{7576C50D-42B0-46CE-9A09-E9F5139F01EF}.Debug|x64.Build.0 = Debug|Any CPU
		{7576C50D-42B0-46CE-9A09-E9F5139F01EF}.Release|Any CPU.ActiveCfg = Release|Any CPU
		{7576C50D-42B0-46CE-9A09-E9F5139F01EF}.Release|Any CPU.Build.0 = Release|Any CPU
		{7576C50D-42B0-46CE-9A09-E9F5139F01EF}.Release|x64.ActiveCfg = Release|Any CPU
		{7576C50D-42B0-46CE-9A09-E9F5139F01EF}.Release|x64.Build.0 = Release|Any CPU
		{66E4686E-ED4B-4F49-87C7-1D8631AAAA37}.Debug|Any CPU.ActiveCfg = Debug|Any CPU
		{66E4686E-ED4B-4F49-87C7-1D8631AAAA37}.Debug|Any CPU.Build.0 = Debug|Any CPU
		{66E4686E-ED4B-4F49-87C7-1D8631AAAA37}.Debug|x64.ActiveCfg = Debug|x64
		{66E4686E-ED4B-4F49-87C7-1D8631AAAA37}.Debug|x64.Build.0 = Debug|x64
		{66E4686E-ED4B-4F49-87C7-1D8631AAAA37}.Release|Any CPU.ActiveCfg = Release|Any CPU
		{66E4686E-ED4B-4F49-87C7-1D8631AAAA37}.Release|Any CPU.Build.0 = Release|Any CPU
		{66E4686E-ED4B-4F49-87C7-1D8631AAAA37}.Release|x64.ActiveCfg = Release|x64
		{66E4686E-ED4B-4F49-87C7-1D8631AAAA37}.Release|x64.Build.0 = Release|x64
		{F3C35AC6-62EC-4F2D-AF06-F3FD2DCD974B}.Debug|Any CPU.ActiveCfg = Debug|Any CPU
		{F3C35AC6-62EC-4F2D-AF06-F3FD2DCD974B}.Debug|Any CPU.Build.0 = Debug|Any CPU
		{F3C35AC6-62EC-4F2D-AF06-F3FD2DCD974B}.Debug|x64.ActiveCfg = Debug|Any CPU
		{F3C35AC6-62EC-4F2D-AF06-F3FD2DCD974B}.Debug|x64.Build.0 = Debug|Any CPU
		{F3C35AC6-62EC-4F2D-AF06-F3FD2DCD974B}.Release|Any CPU.ActiveCfg = Release|Any CPU
		{F3C35AC6-62EC-4F2D-AF06-F3FD2DCD974B}.Release|Any CPU.Build.0 = Release|Any CPU
		{F3C35AC6-62EC-4F2D-AF06-F3FD2DCD974B}.Release|x64.ActiveCfg = Release|Any CPU
		{F3C35AC6-62EC-4F2D-AF06-F3FD2DCD974B}.Release|x64.Build.0 = Release|Any CPU
		{7608272D-F1DC-4917-886E-CF12B804F99A}.Debug|Any CPU.ActiveCfg = Debug|Any CPU
		{7608272D-F1DC-4917-886E-CF12B804F99A}.Debug|Any CPU.Build.0 = Debug|Any CPU
		{7608272D-F1DC-4917-886E-CF12B804F99A}.Debug|x64.ActiveCfg = Debug|x64
		{7608272D-F1DC-4917-886E-CF12B804F99A}.Debug|x64.Build.0 = Debug|x64
		{7608272D-F1DC-4917-886E-CF12B804F99A}.Release|Any CPU.ActiveCfg = Release|Any CPU
		{7608272D-F1DC-4917-886E-CF12B804F99A}.Release|Any CPU.Build.0 = Release|Any CPU
		{7608272D-F1DC-4917-886E-CF12B804F99A}.Release|x64.ActiveCfg = Release|x64
		{7608272D-F1DC-4917-886E-CF12B804F99A}.Release|x64.Build.0 = Release|x64
		{C7EAB1D6-8FF4-4FE2-A1B0-A921A85933F5}.Debug|Any CPU.ActiveCfg = Debug|Any CPU
		{C7EAB1D6-8FF4-4FE2-A1B0-A921A85933F5}.Debug|Any CPU.Build.0 = Debug|Any CPU
		{C7EAB1D6-8FF4-4FE2-A1B0-A921A85933F5}.Debug|x64.ActiveCfg = Debug|Any CPU
		{C7EAB1D6-8FF4-4FE2-A1B0-A921A85933F5}.Debug|x64.Build.0 = Debug|Any CPU
		{C7EAB1D6-8FF4-4FE2-A1B0-A921A85933F5}.Release|Any CPU.ActiveCfg = Release|Any CPU
		{C7EAB1D6-8FF4-4FE2-A1B0-A921A85933F5}.Release|Any CPU.Build.0 = Release|Any CPU
		{C7EAB1D6-8FF4-4FE2-A1B0-A921A85933F5}.Release|x64.ActiveCfg = Release|Any CPU
		{C7EAB1D6-8FF4-4FE2-A1B0-A921A85933F5}.Release|x64.Build.0 = Release|Any CPU
		{31E7928B-B197-4BC3-B11F-65A132A31D54}.Debug|Any CPU.ActiveCfg = Debug|Any CPU
		{31E7928B-B197-4BC3-B11F-65A132A31D54}.Debug|Any CPU.Build.0 = Debug|Any CPU
		{31E7928B-B197-4BC3-B11F-65A132A31D54}.Debug|x64.ActiveCfg = Debug|x64
		{31E7928B-B197-4BC3-B11F-65A132A31D54}.Debug|x64.Build.0 = Debug|x64
		{31E7928B-B197-4BC3-B11F-65A132A31D54}.Release|Any CPU.ActiveCfg = Release|Any CPU
		{31E7928B-B197-4BC3-B11F-65A132A31D54}.Release|Any CPU.Build.0 = Release|Any CPU
		{31E7928B-B197-4BC3-B11F-65A132A31D54}.Release|x64.ActiveCfg = Release|x64
		{31E7928B-B197-4BC3-B11F-65A132A31D54}.Release|x64.Build.0 = Release|x64
		{C3E52D76-DC70-4B60-8559-0AE65A834B9A}.Debug|Any CPU.ActiveCfg = Debug|Any CPU
		{C3E52D76-DC70-4B60-8559-0AE65A834B9A}.Debug|Any CPU.Build.0 = Debug|Any CPU
		{C3E52D76-DC70-4B60-8559-0AE65A834B9A}.Debug|x64.ActiveCfg = Debug|Any CPU
		{C3E52D76-DC70-4B60-8559-0AE65A834B9A}.Debug|x64.Build.0 = Debug|Any CPU
		{C3E52D76-DC70-4B60-8559-0AE65A834B9A}.Release|Any CPU.ActiveCfg = Release|Any CPU
		{C3E52D76-DC70-4B60-8559-0AE65A834B9A}.Release|Any CPU.Build.0 = Release|Any CPU
		{C3E52D76-DC70-4B60-8559-0AE65A834B9A}.Release|x64.ActiveCfg = Release|Any CPU
		{C3E52D76-DC70-4B60-8559-0AE65A834B9A}.Release|x64.Build.0 = Release|Any CPU
		{8FB31478-6DF8-46F0-BCB8-042FB430A43E}.Debug|Any CPU.ActiveCfg = Debug|Any CPU
		{8FB31478-6DF8-46F0-BCB8-042FB430A43E}.Debug|Any CPU.Build.0 = Debug|Any CPU
		{8FB31478-6DF8-46F0-BCB8-042FB430A43E}.Debug|x64.ActiveCfg = Debug|Any CPU
		{8FB31478-6DF8-46F0-BCB8-042FB430A43E}.Debug|x64.Build.0 = Debug|Any CPU
		{8FB31478-6DF8-46F0-BCB8-042FB430A43E}.Release|Any CPU.ActiveCfg = Release|Any CPU
		{8FB31478-6DF8-46F0-BCB8-042FB430A43E}.Release|Any CPU.Build.0 = Release|Any CPU
		{8FB31478-6DF8-46F0-BCB8-042FB430A43E}.Release|x64.ActiveCfg = Release|Any CPU
		{8FB31478-6DF8-46F0-BCB8-042FB430A43E}.Release|x64.Build.0 = Release|Any CPU
		{90EA195C-5619-4C51-8032-42E6EABF13C4}.Debug|Any CPU.ActiveCfg = Debug|Any CPU
		{90EA195C-5619-4C51-8032-42E6EABF13C4}.Debug|Any CPU.Build.0 = Debug|Any CPU
		{90EA195C-5619-4C51-8032-42E6EABF13C4}.Debug|x64.ActiveCfg = Debug|Any CPU
		{90EA195C-5619-4C51-8032-42E6EABF13C4}.Debug|x64.Build.0 = Debug|Any CPU
		{90EA195C-5619-4C51-8032-42E6EABF13C4}.Release|Any CPU.ActiveCfg = Release|Any CPU
		{90EA195C-5619-4C51-8032-42E6EABF13C4}.Release|Any CPU.Build.0 = Release|Any CPU
		{90EA195C-5619-4C51-8032-42E6EABF13C4}.Release|x64.ActiveCfg = Release|Any CPU
		{90EA195C-5619-4C51-8032-42E6EABF13C4}.Release|x64.Build.0 = Release|Any CPU
		{2E9BC0F2-DA7C-47D3-97AB-D277931E852A}.Debug|Any CPU.ActiveCfg = Debug|Any CPU
		{2E9BC0F2-DA7C-47D3-97AB-D277931E852A}.Debug|Any CPU.Build.0 = Debug|Any CPU
		{2E9BC0F2-DA7C-47D3-97AB-D277931E852A}.Debug|x64.ActiveCfg = Debug|Any CPU
		{2E9BC0F2-DA7C-47D3-97AB-D277931E852A}.Debug|x64.Build.0 = Debug|Any CPU
		{2E9BC0F2-DA7C-47D3-97AB-D277931E852A}.Release|Any CPU.ActiveCfg = Release|Any CPU
		{2E9BC0F2-DA7C-47D3-97AB-D277931E852A}.Release|Any CPU.Build.0 = Release|Any CPU
		{2E9BC0F2-DA7C-47D3-97AB-D277931E852A}.Release|x64.ActiveCfg = Release|Any CPU
		{2E9BC0F2-DA7C-47D3-97AB-D277931E852A}.Release|x64.Build.0 = Release|Any CPU
		{571A13BD-70DA-425C-B97F-BD133BA96B83}.Debug|Any CPU.ActiveCfg = Debug|Any CPU
		{571A13BD-70DA-425C-B97F-BD133BA96B83}.Debug|Any CPU.Build.0 = Debug|Any CPU
		{571A13BD-70DA-425C-B97F-BD133BA96B83}.Debug|x64.ActiveCfg = Debug|Any CPU
		{571A13BD-70DA-425C-B97F-BD133BA96B83}.Debug|x64.Build.0 = Debug|Any CPU
		{571A13BD-70DA-425C-B97F-BD133BA96B83}.Release|Any CPU.ActiveCfg = Release|Any CPU
		{571A13BD-70DA-425C-B97F-BD133BA96B83}.Release|Any CPU.Build.0 = Release|Any CPU
		{571A13BD-70DA-425C-B97F-BD133BA96B83}.Release|x64.ActiveCfg = Release|Any CPU
		{571A13BD-70DA-425C-B97F-BD133BA96B83}.Release|x64.Build.0 = Release|Any CPU
		{9B5CA21D-9C1B-4909-B056-5070D0354E52}.Debug|Any CPU.ActiveCfg = Debug|Any CPU
		{9B5CA21D-9C1B-4909-B056-5070D0354E52}.Debug|Any CPU.Build.0 = Debug|Any CPU
		{9B5CA21D-9C1B-4909-B056-5070D0354E52}.Debug|x64.ActiveCfg = Debug|Any CPU
		{9B5CA21D-9C1B-4909-B056-5070D0354E52}.Debug|x64.Build.0 = Debug|Any CPU
		{9B5CA21D-9C1B-4909-B056-5070D0354E52}.Release|Any CPU.ActiveCfg = Release|Any CPU
		{9B5CA21D-9C1B-4909-B056-5070D0354E52}.Release|Any CPU.Build.0 = Release|Any CPU
		{9B5CA21D-9C1B-4909-B056-5070D0354E52}.Release|x64.ActiveCfg = Release|Any CPU
		{9B5CA21D-9C1B-4909-B056-5070D0354E52}.Release|x64.Build.0 = Release|Any CPU
		{F28B83D9-821C-43AA-96D3-CE4D90FFFFFE}.Debug|Any CPU.ActiveCfg = Debug|Any CPU
		{F28B83D9-821C-43AA-96D3-CE4D90FFFFFE}.Debug|Any CPU.Build.0 = Debug|Any CPU
		{F28B83D9-821C-43AA-96D3-CE4D90FFFFFE}.Debug|x64.ActiveCfg = Debug|Any CPU
		{F28B83D9-821C-43AA-96D3-CE4D90FFFFFE}.Debug|x64.Build.0 = Debug|Any CPU
		{F28B83D9-821C-43AA-96D3-CE4D90FFFFFE}.Release|Any CPU.ActiveCfg = Release|Any CPU
		{F28B83D9-821C-43AA-96D3-CE4D90FFFFFE}.Release|Any CPU.Build.0 = Release|Any CPU
		{F28B83D9-821C-43AA-96D3-CE4D90FFFFFE}.Release|x64.ActiveCfg = Release|Any CPU
		{F28B83D9-821C-43AA-96D3-CE4D90FFFFFE}.Release|x64.Build.0 = Release|Any CPU
		{87A2A671-3530-41ED-8FC3-4A6F134CE9AA}.Debug|Any CPU.ActiveCfg = Debug|Any CPU
		{87A2A671-3530-41ED-8FC3-4A6F134CE9AA}.Debug|Any CPU.Build.0 = Debug|Any CPU
		{87A2A671-3530-41ED-8FC3-4A6F134CE9AA}.Debug|x64.ActiveCfg = Debug|Any CPU
		{87A2A671-3530-41ED-8FC3-4A6F134CE9AA}.Debug|x64.Build.0 = Debug|Any CPU
		{87A2A671-3530-41ED-8FC3-4A6F134CE9AA}.Release|Any CPU.ActiveCfg = Release|Any CPU
		{87A2A671-3530-41ED-8FC3-4A6F134CE9AA}.Release|Any CPU.Build.0 = Release|Any CPU
		{87A2A671-3530-41ED-8FC3-4A6F134CE9AA}.Release|x64.ActiveCfg = Release|Any CPU
		{87A2A671-3530-41ED-8FC3-4A6F134CE9AA}.Release|x64.Build.0 = Release|Any CPU
		{F5A97391-0878-4713-9F21-956ED8ADAD43}.Debug|Any CPU.ActiveCfg = Debug|Any CPU
		{F5A97391-0878-4713-9F21-956ED8ADAD43}.Debug|Any CPU.Build.0 = Debug|Any CPU
		{F5A97391-0878-4713-9F21-956ED8ADAD43}.Debug|x64.ActiveCfg = Debug|Any CPU
		{F5A97391-0878-4713-9F21-956ED8ADAD43}.Debug|x64.Build.0 = Debug|Any CPU
		{F5A97391-0878-4713-9F21-956ED8ADAD43}.Release|Any CPU.ActiveCfg = Release|Any CPU
		{F5A97391-0878-4713-9F21-956ED8ADAD43}.Release|Any CPU.Build.0 = Release|Any CPU
		{F5A97391-0878-4713-9F21-956ED8ADAD43}.Release|x64.ActiveCfg = Release|Any CPU
		{F5A97391-0878-4713-9F21-956ED8ADAD43}.Release|x64.Build.0 = Release|Any CPU
		{7E47EC89-33C8-4FDD-B0C3-B15E52977CCC}.Debug|Any CPU.ActiveCfg = Debug|Any CPU
		{7E47EC89-33C8-4FDD-B0C3-B15E52977CCC}.Debug|Any CPU.Build.0 = Debug|Any CPU
		{7E47EC89-33C8-4FDD-B0C3-B15E52977CCC}.Debug|x64.ActiveCfg = Debug|Any CPU
		{7E47EC89-33C8-4FDD-B0C3-B15E52977CCC}.Debug|x64.Build.0 = Debug|Any CPU
		{7E47EC89-33C8-4FDD-B0C3-B15E52977CCC}.Release|Any CPU.ActiveCfg = Release|Any CPU
		{7E47EC89-33C8-4FDD-B0C3-B15E52977CCC}.Release|Any CPU.Build.0 = Release|Any CPU
		{7E47EC89-33C8-4FDD-B0C3-B15E52977CCC}.Release|x64.ActiveCfg = Release|Any CPU
		{7E47EC89-33C8-4FDD-B0C3-B15E52977CCC}.Release|x64.Build.0 = Release|Any CPU
		{05D47060-68AC-4D8B-98F4-DB880C4080ED}.Debug|Any CPU.ActiveCfg = Debug|Any CPU
		{05D47060-68AC-4D8B-98F4-DB880C4080ED}.Debug|Any CPU.Build.0 = Debug|Any CPU
		{05D47060-68AC-4D8B-98F4-DB880C4080ED}.Debug|x64.ActiveCfg = Debug|Any CPU
		{05D47060-68AC-4D8B-98F4-DB880C4080ED}.Debug|x64.Build.0 = Debug|Any CPU
		{05D47060-68AC-4D8B-98F4-DB880C4080ED}.Release|Any CPU.ActiveCfg = Release|Any CPU
		{05D47060-68AC-4D8B-98F4-DB880C4080ED}.Release|Any CPU.Build.0 = Release|Any CPU
		{05D47060-68AC-4D8B-98F4-DB880C4080ED}.Release|x64.ActiveCfg = Release|Any CPU
		{05D47060-68AC-4D8B-98F4-DB880C4080ED}.Release|x64.Build.0 = Release|Any CPU
		{24B5ABA3-547E-4880-9344-270B1B804EDB}.Debug|Any CPU.ActiveCfg = Debug|Any CPU
		{24B5ABA3-547E-4880-9344-270B1B804EDB}.Debug|Any CPU.Build.0 = Debug|Any CPU
		{24B5ABA3-547E-4880-9344-270B1B804EDB}.Debug|x64.ActiveCfg = Debug|Any CPU
		{24B5ABA3-547E-4880-9344-270B1B804EDB}.Debug|x64.Build.0 = Debug|Any CPU
		{24B5ABA3-547E-4880-9344-270B1B804EDB}.Release|Any CPU.ActiveCfg = Release|Any CPU
		{24B5ABA3-547E-4880-9344-270B1B804EDB}.Release|Any CPU.Build.0 = Release|Any CPU
		{24B5ABA3-547E-4880-9344-270B1B804EDB}.Release|x64.ActiveCfg = Release|Any CPU
		{24B5ABA3-547E-4880-9344-270B1B804EDB}.Release|x64.Build.0 = Release|Any CPU
		{798D6A37-3FB8-40D5-92F6-8D4468FCDE23}.Debug|Any CPU.ActiveCfg = Debug|Any CPU
		{798D6A37-3FB8-40D5-92F6-8D4468FCDE23}.Debug|Any CPU.Build.0 = Debug|Any CPU
		{798D6A37-3FB8-40D5-92F6-8D4468FCDE23}.Debug|x64.ActiveCfg = Debug|Any CPU
		{798D6A37-3FB8-40D5-92F6-8D4468FCDE23}.Debug|x64.Build.0 = Debug|Any CPU
		{798D6A37-3FB8-40D5-92F6-8D4468FCDE23}.Release|Any CPU.ActiveCfg = Release|Any CPU
		{798D6A37-3FB8-40D5-92F6-8D4468FCDE23}.Release|Any CPU.Build.0 = Release|Any CPU
		{798D6A37-3FB8-40D5-92F6-8D4468FCDE23}.Release|x64.ActiveCfg = Release|Any CPU
		{798D6A37-3FB8-40D5-92F6-8D4468FCDE23}.Release|x64.Build.0 = Release|Any CPU
		{EE42D7B1-1563-4D42-BD4B-A1400030717F}.Debug|Any CPU.ActiveCfg = Debug|Any CPU
		{EE42D7B1-1563-4D42-BD4B-A1400030717F}.Debug|Any CPU.Build.0 = Debug|Any CPU
		{EE42D7B1-1563-4D42-BD4B-A1400030717F}.Debug|x64.ActiveCfg = Debug|Any CPU
		{EE42D7B1-1563-4D42-BD4B-A1400030717F}.Debug|x64.Build.0 = Debug|Any CPU
		{EE42D7B1-1563-4D42-BD4B-A1400030717F}.Release|Any CPU.ActiveCfg = Release|Any CPU
		{EE42D7B1-1563-4D42-BD4B-A1400030717F}.Release|Any CPU.Build.0 = Release|Any CPU
		{EE42D7B1-1563-4D42-BD4B-A1400030717F}.Release|x64.ActiveCfg = Release|Any CPU
		{EE42D7B1-1563-4D42-BD4B-A1400030717F}.Release|x64.Build.0 = Release|Any CPU
		{A0A2E97D-7E48-40EF-A36B-A9DEACD936AB}.Debug|Any CPU.ActiveCfg = Debug|Any CPU
		{A0A2E97D-7E48-40EF-A36B-A9DEACD936AB}.Debug|Any CPU.Build.0 = Debug|Any CPU
		{A0A2E97D-7E48-40EF-A36B-A9DEACD936AB}.Debug|x64.ActiveCfg = Debug|Any CPU
		{A0A2E97D-7E48-40EF-A36B-A9DEACD936AB}.Debug|x64.Build.0 = Debug|Any CPU
		{A0A2E97D-7E48-40EF-A36B-A9DEACD936AB}.Release|Any CPU.ActiveCfg = Release|Any CPU
		{A0A2E97D-7E48-40EF-A36B-A9DEACD936AB}.Release|Any CPU.Build.0 = Release|Any CPU
		{A0A2E97D-7E48-40EF-A36B-A9DEACD936AB}.Release|x64.ActiveCfg = Release|Any CPU
		{A0A2E97D-7E48-40EF-A36B-A9DEACD936AB}.Release|x64.Build.0 = Release|Any CPU
		{402F6F54-CB9A-4DB5-A0BC-1FCB75AF1644}.Debug|Any CPU.ActiveCfg = Debug|Any CPU
		{402F6F54-CB9A-4DB5-A0BC-1FCB75AF1644}.Debug|Any CPU.Build.0 = Debug|Any CPU
		{402F6F54-CB9A-4DB5-A0BC-1FCB75AF1644}.Debug|x64.ActiveCfg = Debug|Any CPU
		{402F6F54-CB9A-4DB5-A0BC-1FCB75AF1644}.Debug|x64.Build.0 = Debug|Any CPU
		{402F6F54-CB9A-4DB5-A0BC-1FCB75AF1644}.Release|Any CPU.ActiveCfg = Release|Any CPU
		{402F6F54-CB9A-4DB5-A0BC-1FCB75AF1644}.Release|Any CPU.Build.0 = Release|Any CPU
		{402F6F54-CB9A-4DB5-A0BC-1FCB75AF1644}.Release|x64.ActiveCfg = Release|Any CPU
		{402F6F54-CB9A-4DB5-A0BC-1FCB75AF1644}.Release|x64.Build.0 = Release|Any CPU
		{8E1E7FE4-504E-4A8B-BE14-D5E1151725E2}.Debug|Any CPU.ActiveCfg = Debug|Any CPU
		{8E1E7FE4-504E-4A8B-BE14-D5E1151725E2}.Debug|Any CPU.Build.0 = Debug|Any CPU
		{8E1E7FE4-504E-4A8B-BE14-D5E1151725E2}.Debug|x64.ActiveCfg = Debug|Any CPU
		{8E1E7FE4-504E-4A8B-BE14-D5E1151725E2}.Debug|x64.Build.0 = Debug|Any CPU
		{8E1E7FE4-504E-4A8B-BE14-D5E1151725E2}.Release|Any CPU.ActiveCfg = Release|Any CPU
		{8E1E7FE4-504E-4A8B-BE14-D5E1151725E2}.Release|Any CPU.Build.0 = Release|Any CPU
		{8E1E7FE4-504E-4A8B-BE14-D5E1151725E2}.Release|x64.ActiveCfg = Release|Any CPU
		{8E1E7FE4-504E-4A8B-BE14-D5E1151725E2}.Release|x64.Build.0 = Release|Any CPU
		{CFEC7021-3763-4E86-BE92-81D7965FE64C}.Debug|Any CPU.ActiveCfg = Debug|Any CPU
		{CFEC7021-3763-4E86-BE92-81D7965FE64C}.Debug|Any CPU.Build.0 = Debug|Any CPU
		{CFEC7021-3763-4E86-BE92-81D7965FE64C}.Debug|x64.ActiveCfg = Debug|Any CPU
		{CFEC7021-3763-4E86-BE92-81D7965FE64C}.Debug|x64.Build.0 = Debug|Any CPU
		{CFEC7021-3763-4E86-BE92-81D7965FE64C}.Release|Any CPU.ActiveCfg = Release|Any CPU
		{CFEC7021-3763-4E86-BE92-81D7965FE64C}.Release|Any CPU.Build.0 = Release|Any CPU
		{CFEC7021-3763-4E86-BE92-81D7965FE64C}.Release|x64.ActiveCfg = Release|Any CPU
		{CFEC7021-3763-4E86-BE92-81D7965FE64C}.Release|x64.Build.0 = Release|Any CPU
		{E3337635-A8F4-4A32-B190-BDD127A970A7}.Debug|Any CPU.ActiveCfg = Debug|Any CPU
		{E3337635-A8F4-4A32-B190-BDD127A970A7}.Debug|Any CPU.Build.0 = Debug|Any CPU
		{E3337635-A8F4-4A32-B190-BDD127A970A7}.Debug|x64.ActiveCfg = Debug|Any CPU
		{E3337635-A8F4-4A32-B190-BDD127A970A7}.Debug|x64.Build.0 = Debug|Any CPU
		{E3337635-A8F4-4A32-B190-BDD127A970A7}.Release|Any CPU.ActiveCfg = Release|Any CPU
		{E3337635-A8F4-4A32-B190-BDD127A970A7}.Release|Any CPU.Build.0 = Release|Any CPU
		{E3337635-A8F4-4A32-B190-BDD127A970A7}.Release|x64.ActiveCfg = Release|Any CPU
		{E3337635-A8F4-4A32-B190-BDD127A970A7}.Release|x64.Build.0 = Release|Any CPU
		{107198FE-DB3A-4B7A-822B-4FDE5449A77F}.Debug|Any CPU.ActiveCfg = Debug|Any CPU
		{107198FE-DB3A-4B7A-822B-4FDE5449A77F}.Debug|Any CPU.Build.0 = Debug|Any CPU
		{107198FE-DB3A-4B7A-822B-4FDE5449A77F}.Debug|x64.ActiveCfg = Debug|Any CPU
		{107198FE-DB3A-4B7A-822B-4FDE5449A77F}.Debug|x64.Build.0 = Debug|Any CPU
		{107198FE-DB3A-4B7A-822B-4FDE5449A77F}.Release|Any CPU.ActiveCfg = Release|Any CPU
		{107198FE-DB3A-4B7A-822B-4FDE5449A77F}.Release|Any CPU.Build.0 = Release|Any CPU
		{107198FE-DB3A-4B7A-822B-4FDE5449A77F}.Release|x64.ActiveCfg = Release|Any CPU
		{107198FE-DB3A-4B7A-822B-4FDE5449A77F}.Release|x64.Build.0 = Release|Any CPU
		{52628127-6D8C-4E5C-A1B5-DF615A2DA6FC}.Debug|Any CPU.ActiveCfg = Debug|Any CPU
		{52628127-6D8C-4E5C-A1B5-DF615A2DA6FC}.Debug|Any CPU.Build.0 = Debug|Any CPU
		{52628127-6D8C-4E5C-A1B5-DF615A2DA6FC}.Debug|x64.ActiveCfg = Debug|Any CPU
		{52628127-6D8C-4E5C-A1B5-DF615A2DA6FC}.Debug|x64.Build.0 = Debug|Any CPU
		{52628127-6D8C-4E5C-A1B5-DF615A2DA6FC}.Release|Any CPU.ActiveCfg = Release|Any CPU
		{52628127-6D8C-4E5C-A1B5-DF615A2DA6FC}.Release|Any CPU.Build.0 = Release|Any CPU
		{52628127-6D8C-4E5C-A1B5-DF615A2DA6FC}.Release|x64.ActiveCfg = Release|Any CPU
		{52628127-6D8C-4E5C-A1B5-DF615A2DA6FC}.Release|x64.Build.0 = Release|Any CPU
		{EC7396B9-DDB2-4446-8D01-00FC97C8B5F4}.Debug|Any CPU.ActiveCfg = Debug|Any CPU
		{EC7396B9-DDB2-4446-8D01-00FC97C8B5F4}.Debug|Any CPU.Build.0 = Debug|Any CPU
		{EC7396B9-DDB2-4446-8D01-00FC97C8B5F4}.Debug|x64.ActiveCfg = Debug|Any CPU
		{EC7396B9-DDB2-4446-8D01-00FC97C8B5F4}.Debug|x64.Build.0 = Debug|Any CPU
		{EC7396B9-DDB2-4446-8D01-00FC97C8B5F4}.Release|Any CPU.ActiveCfg = Release|Any CPU
		{EC7396B9-DDB2-4446-8D01-00FC97C8B5F4}.Release|Any CPU.Build.0 = Release|Any CPU
		{EC7396B9-DDB2-4446-8D01-00FC97C8B5F4}.Release|x64.ActiveCfg = Release|Any CPU
		{EC7396B9-DDB2-4446-8D01-00FC97C8B5F4}.Release|x64.Build.0 = Release|Any CPU
		{16F4BF6D-69CC-4BA5-A106-3DAEFA5F3902}.Debug|Any CPU.ActiveCfg = Debug|Any CPU
		{16F4BF6D-69CC-4BA5-A106-3DAEFA5F3902}.Debug|Any CPU.Build.0 = Debug|Any CPU
		{16F4BF6D-69CC-4BA5-A106-3DAEFA5F3902}.Debug|x64.ActiveCfg = Debug|Any CPU
		{16F4BF6D-69CC-4BA5-A106-3DAEFA5F3902}.Debug|x64.Build.0 = Debug|Any CPU
		{16F4BF6D-69CC-4BA5-A106-3DAEFA5F3902}.Release|Any CPU.ActiveCfg = Release|Any CPU
		{16F4BF6D-69CC-4BA5-A106-3DAEFA5F3902}.Release|Any CPU.Build.0 = Release|Any CPU
		{16F4BF6D-69CC-4BA5-A106-3DAEFA5F3902}.Release|x64.ActiveCfg = Release|Any CPU
		{16F4BF6D-69CC-4BA5-A106-3DAEFA5F3902}.Release|x64.Build.0 = Release|Any CPU
		{1F431000-4BC8-48F5-9131-0E418F9E4A1B}.Debug|Any CPU.ActiveCfg = Debug|Any CPU
		{1F431000-4BC8-48F5-9131-0E418F9E4A1B}.Debug|Any CPU.Build.0 = Debug|Any CPU
		{1F431000-4BC8-48F5-9131-0E418F9E4A1B}.Debug|x64.ActiveCfg = Debug|Any CPU
		{1F431000-4BC8-48F5-9131-0E418F9E4A1B}.Debug|x64.Build.0 = Debug|Any CPU
		{1F431000-4BC8-48F5-9131-0E418F9E4A1B}.Release|Any CPU.ActiveCfg = Release|Any CPU
		{1F431000-4BC8-48F5-9131-0E418F9E4A1B}.Release|Any CPU.Build.0 = Release|Any CPU
		{1F431000-4BC8-48F5-9131-0E418F9E4A1B}.Release|x64.ActiveCfg = Release|Any CPU
		{1F431000-4BC8-48F5-9131-0E418F9E4A1B}.Release|x64.Build.0 = Release|Any CPU
		{7A21538C-D06F-4FB1-BDE3-A75420AF5032}.Debug|Any CPU.ActiveCfg = Debug|Any CPU
		{7A21538C-D06F-4FB1-BDE3-A75420AF5032}.Debug|Any CPU.Build.0 = Debug|Any CPU
		{7A21538C-D06F-4FB1-BDE3-A75420AF5032}.Debug|x64.ActiveCfg = Debug|Any CPU
		{7A21538C-D06F-4FB1-BDE3-A75420AF5032}.Debug|x64.Build.0 = Debug|Any CPU
		{7A21538C-D06F-4FB1-BDE3-A75420AF5032}.Release|Any CPU.ActiveCfg = Release|Any CPU
		{7A21538C-D06F-4FB1-BDE3-A75420AF5032}.Release|Any CPU.Build.0 = Release|Any CPU
		{7A21538C-D06F-4FB1-BDE3-A75420AF5032}.Release|x64.ActiveCfg = Release|Any CPU
		{7A21538C-D06F-4FB1-BDE3-A75420AF5032}.Release|x64.Build.0 = Release|Any CPU
		{C62FD763-47C9-4295-9213-95BF1EB0F13E}.Debug|Any CPU.ActiveCfg = Debug|Any CPU
		{C62FD763-47C9-4295-9213-95BF1EB0F13E}.Debug|Any CPU.Build.0 = Debug|Any CPU
		{C62FD763-47C9-4295-9213-95BF1EB0F13E}.Debug|x64.ActiveCfg = Debug|Any CPU
		{C62FD763-47C9-4295-9213-95BF1EB0F13E}.Debug|x64.Build.0 = Debug|Any CPU
		{C62FD763-47C9-4295-9213-95BF1EB0F13E}.Release|Any CPU.ActiveCfg = Release|Any CPU
		{C62FD763-47C9-4295-9213-95BF1EB0F13E}.Release|Any CPU.Build.0 = Release|Any CPU
		{C62FD763-47C9-4295-9213-95BF1EB0F13E}.Release|x64.ActiveCfg = Release|Any CPU
		{C62FD763-47C9-4295-9213-95BF1EB0F13E}.Release|x64.Build.0 = Release|Any CPU
		{CE55410F-3528-4EDF-A945-473A04FCB984}.Debug|Any CPU.ActiveCfg = Debug|Any CPU
		{CE55410F-3528-4EDF-A945-473A04FCB984}.Debug|Any CPU.Build.0 = Debug|Any CPU
		{CE55410F-3528-4EDF-A945-473A04FCB984}.Debug|x64.ActiveCfg = Debug|Any CPU
		{CE55410F-3528-4EDF-A945-473A04FCB984}.Debug|x64.Build.0 = Debug|Any CPU
		{CE55410F-3528-4EDF-A945-473A04FCB984}.Release|Any CPU.ActiveCfg = Release|Any CPU
		{CE55410F-3528-4EDF-A945-473A04FCB984}.Release|Any CPU.Build.0 = Release|Any CPU
		{CE55410F-3528-4EDF-A945-473A04FCB984}.Release|x64.ActiveCfg = Release|Any CPU
		{CE55410F-3528-4EDF-A945-473A04FCB984}.Release|x64.Build.0 = Release|Any CPU
		{830C6A98-D4C3-4316-922B-1709A369CEFA}.Debug|Any CPU.ActiveCfg = Debug|Any CPU
		{830C6A98-D4C3-4316-922B-1709A369CEFA}.Debug|Any CPU.Build.0 = Debug|Any CPU
		{830C6A98-D4C3-4316-922B-1709A369CEFA}.Debug|x64.ActiveCfg = Debug|Any CPU
		{830C6A98-D4C3-4316-922B-1709A369CEFA}.Debug|x64.Build.0 = Debug|Any CPU
		{830C6A98-D4C3-4316-922B-1709A369CEFA}.Release|Any CPU.ActiveCfg = Release|Any CPU
		{830C6A98-D4C3-4316-922B-1709A369CEFA}.Release|Any CPU.Build.0 = Release|Any CPU
		{830C6A98-D4C3-4316-922B-1709A369CEFA}.Release|x64.ActiveCfg = Release|Any CPU
		{830C6A98-D4C3-4316-922B-1709A369CEFA}.Release|x64.Build.0 = Release|Any CPU
		{8B58AACE-D3D3-418E-916B-2CC044FA2D71}.Debug|Any CPU.ActiveCfg = Debug|Any CPU
		{8B58AACE-D3D3-418E-916B-2CC044FA2D71}.Debug|Any CPU.Build.0 = Debug|Any CPU
		{8B58AACE-D3D3-418E-916B-2CC044FA2D71}.Debug|x64.ActiveCfg = Debug|Any CPU
		{8B58AACE-D3D3-418E-916B-2CC044FA2D71}.Debug|x64.Build.0 = Debug|Any CPU
		{8B58AACE-D3D3-418E-916B-2CC044FA2D71}.Release|Any CPU.ActiveCfg = Release|Any CPU
		{8B58AACE-D3D3-418E-916B-2CC044FA2D71}.Release|Any CPU.Build.0 = Release|Any CPU
		{8B58AACE-D3D3-418E-916B-2CC044FA2D71}.Release|x64.ActiveCfg = Release|Any CPU
		{8B58AACE-D3D3-418E-916B-2CC044FA2D71}.Release|x64.Build.0 = Release|Any CPU
		{F89F908A-C9D3-4AF2-A8AC-1D242E632424}.Debug|Any CPU.ActiveCfg = Debug|Any CPU
		{F89F908A-C9D3-4AF2-A8AC-1D242E632424}.Debug|Any CPU.Build.0 = Debug|Any CPU
		{F89F908A-C9D3-4AF2-A8AC-1D242E632424}.Debug|x64.ActiveCfg = Debug|Any CPU
		{F89F908A-C9D3-4AF2-A8AC-1D242E632424}.Debug|x64.Build.0 = Debug|Any CPU
		{F89F908A-C9D3-4AF2-A8AC-1D242E632424}.Release|Any CPU.ActiveCfg = Release|Any CPU
		{F89F908A-C9D3-4AF2-A8AC-1D242E632424}.Release|Any CPU.Build.0 = Release|Any CPU
		{F89F908A-C9D3-4AF2-A8AC-1D242E632424}.Release|x64.ActiveCfg = Release|Any CPU
		{F89F908A-C9D3-4AF2-A8AC-1D242E632424}.Release|x64.Build.0 = Release|Any CPU
		{743F6025-EA01-4E59-B803-8C97486E4EFF}.Debug|Any CPU.ActiveCfg = Debug|Any CPU
		{743F6025-EA01-4E59-B803-8C97486E4EFF}.Debug|Any CPU.Build.0 = Debug|Any CPU
		{743F6025-EA01-4E59-B803-8C97486E4EFF}.Debug|x64.ActiveCfg = Debug|Any CPU
		{743F6025-EA01-4E59-B803-8C97486E4EFF}.Debug|x64.Build.0 = Debug|Any CPU
		{743F6025-EA01-4E59-B803-8C97486E4EFF}.Release|Any CPU.ActiveCfg = Release|Any CPU
		{743F6025-EA01-4E59-B803-8C97486E4EFF}.Release|Any CPU.Build.0 = Release|Any CPU
		{743F6025-EA01-4E59-B803-8C97486E4EFF}.Release|x64.ActiveCfg = Release|Any CPU
		{743F6025-EA01-4E59-B803-8C97486E4EFF}.Release|x64.Build.0 = Release|Any CPU
		{1FAA674F-A8DD-4DBC-B35B-CCF3B6C48FE3}.Debug|Any CPU.ActiveCfg = Debug|Any CPU
		{1FAA674F-A8DD-4DBC-B35B-CCF3B6C48FE3}.Debug|Any CPU.Build.0 = Debug|Any CPU
		{1FAA674F-A8DD-4DBC-B35B-CCF3B6C48FE3}.Debug|x64.ActiveCfg = Debug|Any CPU
		{1FAA674F-A8DD-4DBC-B35B-CCF3B6C48FE3}.Debug|x64.Build.0 = Debug|Any CPU
		{1FAA674F-A8DD-4DBC-B35B-CCF3B6C48FE3}.Release|Any CPU.ActiveCfg = Release|Any CPU
		{1FAA674F-A8DD-4DBC-B35B-CCF3B6C48FE3}.Release|Any CPU.Build.0 = Release|Any CPU
		{1FAA674F-A8DD-4DBC-B35B-CCF3B6C48FE3}.Release|x64.ActiveCfg = Release|Any CPU
		{1FAA674F-A8DD-4DBC-B35B-CCF3B6C48FE3}.Release|x64.Build.0 = Release|Any CPU
		{92D40511-3913-4FE8-8C5A-0914BCCDB5CC}.Debug|Any CPU.ActiveCfg = Debug|Any CPU
		{92D40511-3913-4FE8-8C5A-0914BCCDB5CC}.Debug|Any CPU.Build.0 = Debug|Any CPU
		{92D40511-3913-4FE8-8C5A-0914BCCDB5CC}.Debug|x64.ActiveCfg = Debug|Any CPU
		{92D40511-3913-4FE8-8C5A-0914BCCDB5CC}.Debug|x64.Build.0 = Debug|Any CPU
		{92D40511-3913-4FE8-8C5A-0914BCCDB5CC}.Release|Any CPU.ActiveCfg = Release|Any CPU
		{92D40511-3913-4FE8-8C5A-0914BCCDB5CC}.Release|Any CPU.Build.0 = Release|Any CPU
		{92D40511-3913-4FE8-8C5A-0914BCCDB5CC}.Release|x64.ActiveCfg = Release|Any CPU
		{92D40511-3913-4FE8-8C5A-0914BCCDB5CC}.Release|x64.Build.0 = Release|Any CPU
		{3E9882DD-C8AF-43C4-A60E-5746E9A02432}.Debug|Any CPU.ActiveCfg = Debug|Any CPU
		{3E9882DD-C8AF-43C4-A60E-5746E9A02432}.Debug|Any CPU.Build.0 = Debug|Any CPU
		{3E9882DD-C8AF-43C4-A60E-5746E9A02432}.Debug|x64.ActiveCfg = Debug|Any CPU
		{3E9882DD-C8AF-43C4-A60E-5746E9A02432}.Debug|x64.Build.0 = Debug|Any CPU
		{3E9882DD-C8AF-43C4-A60E-5746E9A02432}.Release|Any CPU.ActiveCfg = Release|Any CPU
		{3E9882DD-C8AF-43C4-A60E-5746E9A02432}.Release|Any CPU.Build.0 = Release|Any CPU
		{3E9882DD-C8AF-43C4-A60E-5746E9A02432}.Release|x64.ActiveCfg = Release|Any CPU
		{3E9882DD-C8AF-43C4-A60E-5746E9A02432}.Release|x64.Build.0 = Release|Any CPU
	EndGlobalSection
	GlobalSection(SolutionProperties) = preSolution
		HideSolutionNode = FALSE
	EndGlobalSection
	GlobalSection(ExtensibilityGlobals) = postSolution
		SolutionGuid = {141FB08E-DEFC-43AF-A4A2-F740E7E8328C}
	EndGlobalSection
	GlobalSection(Performance) = preSolution
		HasPerformanceSessions = true
	EndGlobalSection
	GlobalSection(Performance) = preSolution
		HasPerformanceSessions = true
	EndGlobalSection
	GlobalSection(Performance) = preSolution
		HasPerformanceSessions = true
	EndGlobalSection
	GlobalSection(Performance) = preSolution
		HasPerformanceSessions = true
	EndGlobalSection
	GlobalSection(Performance) = preSolution
		HasPerformanceSessions = true
	EndGlobalSection
	GlobalSection(Performance) = preSolution
		HasPerformanceSessions = true
	EndGlobalSection
	GlobalSection(NestedProjects) = preSolution
		{EC7396B9-DDB2-4446-8D01-00FC97C8B5F4} = {CA31A795-31E9-4A8C-BAA3-8DAAD7C924E5}
		{16F4BF6D-69CC-4BA5-A106-3DAEFA5F3902} = {CA31A795-31E9-4A8C-BAA3-8DAAD7C924E5}
		{830C6A98-D4C3-4316-922B-1709A369CEFA} = {CA31A795-31E9-4A8C-BAA3-8DAAD7C924E5}
	EndGlobalSection
EndGlobal
